// !$*UTF8*$!
{
	archiveVersion = 1;
	classes = {
	};
	objectVersion = 56;
	objects = {

/* Begin PBXBuildFile section */
		FA008B192D1986F900F91A0C /* ListUserViewControllerTests.swift in Sources */ = {isa = PBXBuildFile; fileRef = FA008B182D1986F900F91A0C /* ListUserViewControllerTests.swift */; };
		FA008B1C2D1988FF00F91A0C /* MockListUserInteractor.swift in Sources */ = {isa = PBXBuildFile; fileRef = FA008B1B2D1988FF00F91A0C /* MockListUserInteractor.swift */; };
		FA008B1E2D1989C200F91A0C /* MockListUserRouter.swift in Sources */ = {isa = PBXBuildFile; fileRef = FA008B1D2D1989C200F91A0C /* MockListUserRouter.swift */; };
		FA008B202D198C6F00F91A0C /* MockTableView.swift in Sources */ = {isa = PBXBuildFile; fileRef = FA008B1F2D198C6F00F91A0C /* MockTableView.swift */; };
		FA008B222D19924A00F91A0C /* MockAlert.swift in Sources */ = {isa = PBXBuildFile; fileRef = FA008B212D19924A00F91A0C /* MockAlert.swift */; };
		FA008B262D19978400F91A0C /* UserTableViewCellTests.swift in Sources */ = {isa = PBXBuildFile; fileRef = FA008B252D19978400F91A0C /* UserTableViewCellTests.swift */; };
		FA008B282D1999DE00F91A0C /* ListUserInteractorTest.swift in Sources */ = {isa = PBXBuildFile; fileRef = FA008B272D1999DE00F91A0C /* ListUserInteractorTest.swift */; };
		FA008B2A2D199A5800F91A0C /* MockListUserViewController.swift in Sources */ = {isa = PBXBuildFile; fileRef = FA008B292D199A5800F91A0C /* MockListUserViewController.swift */; };
		FA008B2C2D199ABC00F91A0C /* MockListUserWorker.swift in Sources */ = {isa = PBXBuildFile; fileRef = FA008B2B2D199ABC00F91A0C /* MockListUserWorker.swift */; };
		FA008B302D19AFB500F91A0C /* MockUserRepository.swift in Sources */ = {isa = PBXBuildFile; fileRef = FA008B2F2D19AFB500F91A0C /* MockUserRepository.swift */; };
		FA008B342D19B31800F91A0C /* MockNetwork.swift in Sources */ = {isa = PBXBuildFile; fileRef = FA008B332D19B31800F91A0C /* MockNetwork.swift */; };
		FA3BA19D2D1481ED00F47B21 /* AppDelegate.swift in Sources */ = {isa = PBXBuildFile; fileRef = FA3BA19C2D1481ED00F47B21 /* AppDelegate.swift */; };
		FA3BA19F2D1481ED00F47B21 /* SceneDelegate.swift in Sources */ = {isa = PBXBuildFile; fileRef = FA3BA19E2D1481ED00F47B21 /* SceneDelegate.swift */; };
		FA3BA1A12D1481ED00F47B21 /* ViewController.swift in Sources */ = {isa = PBXBuildFile; fileRef = FA3BA1A02D1481ED00F47B21 /* ViewController.swift */; };
		FA3BA1A62D1481EE00F47B21 /* Assets.xcassets in Resources */ = {isa = PBXBuildFile; fileRef = FA3BA1A52D1481EE00F47B21 /* Assets.xcassets */; };
		FA3BA1A92D1481EE00F47B21 /* Base in Resources */ = {isa = PBXBuildFile; fileRef = FA3BA1A82D1481EE00F47B21 /* Base */; };
		FA3BA1B42D1481EF00F47B21 /* TakeHomeTests.swift in Sources */ = {isa = PBXBuildFile; fileRef = FA3BA1B32D1481EF00F47B21 /* TakeHomeTests.swift */; };
		FA3BA1BE2D1481EF00F47B21 /* TakeHomeUITests.swift in Sources */ = {isa = PBXBuildFile; fileRef = FA3BA1BD2D1481EF00F47B21 /* TakeHomeUITests.swift */; };
		FA3BA1C02D1481EF00F47B21 /* TakeHomeUITestsLaunchTests.swift in Sources */ = {isa = PBXBuildFile; fileRef = FA3BA1BF2D1481EF00F47B21 /* TakeHomeUITestsLaunchTests.swift */; };
		FA3BA1D42D14845800F47B21 /* ListUserInformationViewController.xib in Resources */ = {isa = PBXBuildFile; fileRef = FA3BA1D32D14845800F47B21 /* ListUserInformationViewController.xib */; };
		FA3BA1D52D14845800F47B21 /* ListUserInformationWorker.swift in Sources */ = {isa = PBXBuildFile; fileRef = FA3BA1CE2D14845800F47B21 /* ListUserInformationWorker.swift */; };
		FA3BA1D62D14845800F47B21 /* ListUserInformationRouter.swift in Sources */ = {isa = PBXBuildFile; fileRef = FA3BA1CF2D14845800F47B21 /* ListUserInformationRouter.swift */; };
		FA3BA1D72D14845800F47B21 /* ListUserInformationViewController.swift in Sources */ = {isa = PBXBuildFile; fileRef = FA3BA1D02D14845800F47B21 /* ListUserInformationViewController.swift */; };
		FA3BA1D82D14845800F47B21 /* ListUserInformationInteractor.swift in Sources */ = {isa = PBXBuildFile; fileRef = FA3BA1D12D14845800F47B21 /* ListUserInformationInteractor.swift */; };
		FA3BA1D92D14845800F47B21 /* ListUserInformationConfigurator.swift in Sources */ = {isa = PBXBuildFile; fileRef = FA3BA1D22D14845800F47B21 /* ListUserInformationConfigurator.swift */; };
		FA3BA1E02D166ACE00F47B21 /* NetworkServices.swift in Sources */ = {isa = PBXBuildFile; fileRef = FA3BA1DF2D166ACE00F47B21 /* NetworkServices.swift */; };
		FA3BA1E32D166E9F00F47B21 /* UserInformationModel.swift in Sources */ = {isa = PBXBuildFile; fileRef = FA3BA1E22D166E9F00F47B21 /* UserInformationModel.swift */; };
		FA3BA1E62D16718700F47B21 /* SwiftyJSON in Frameworks */ = {isa = PBXBuildFile; productRef = FA3BA1E52D16718700F47B21 /* SwiftyJSON */; };
		FA3BA1E82D169A6700F47B21 /* APIEndPoint.swift in Sources */ = {isa = PBXBuildFile; fileRef = FA3BA1E72D169A6700F47B21 /* APIEndPoint.swift */; };
		FA3BA1EB2D169DA100F47B21 /* SVProgressHUD in Frameworks */ = {isa = PBXBuildFile; productRef = FA3BA1EA2D169DA100F47B21 /* SVProgressHUD */; };
		FA3BA1EF2D169F1C00F47B21 /* UserTableViewCell.xib in Resources */ = {isa = PBXBuildFile; fileRef = FA3BA1EE2D169F1C00F47B21 /* UserTableViewCell.xib */; };
		FA3BA1F02D169F1C00F47B21 /* UserTableViewCell.swift in Sources */ = {isa = PBXBuildFile; fileRef = FA3BA1ED2D169F1C00F47B21 /* UserTableViewCell.swift */; };
		FA3BA1F22D16A2D900F47B21 /* UserCellModel.swift in Sources */ = {isa = PBXBuildFile; fileRef = FA3BA1F12D16A2D900F47B21 /* UserCellModel.swift */; };
		FA3BA1F52D16A3A400F47B21 /* Kingfisher in Frameworks */ = {isa = PBXBuildFile; productRef = FA3BA1F42D16A3A400F47B21 /* Kingfisher */; };
		FA3BA1FD2D17070C00F47B21 /* DetailsUserViewController.xib in Resources */ = {isa = PBXBuildFile; fileRef = FA3BA1FC2D17070C00F47B21 /* DetailsUserViewController.xib */; };
		FA3BA1FE2D17070C00F47B21 /* DetailsUserWorker.swift in Sources */ = {isa = PBXBuildFile; fileRef = FA3BA1F72D17070C00F47B21 /* DetailsUserWorker.swift */; };
		FA3BA1FF2D17070C00F47B21 /* DetailsUserRouter.swift in Sources */ = {isa = PBXBuildFile; fileRef = FA3BA1F82D17070C00F47B21 /* DetailsUserRouter.swift */; };
		FA3BA2002D17070C00F47B21 /* DetailsUserViewController.swift in Sources */ = {isa = PBXBuildFile; fileRef = FA3BA1F92D17070C00F47B21 /* DetailsUserViewController.swift */; };
		FA3BA2012D17070C00F47B21 /* DetailsUserInteractor.swift in Sources */ = {isa = PBXBuildFile; fileRef = FA3BA1FA2D17070C00F47B21 /* DetailsUserInteractor.swift */; };
		FA3BA2022D17070C00F47B21 /* DetailsUserConfigurator.swift in Sources */ = {isa = PBXBuildFile; fileRef = FA3BA1FB2D17070C00F47B21 /* DetailsUserConfigurator.swift */; };
		FA3BA2042D170AFA00F47B21 /* UIviewcontroller+Extension.swift in Sources */ = {isa = PBXBuildFile; fileRef = FA3BA2032D170AFA00F47B21 /* UIviewcontroller+Extension.swift */; };
		FA3BA2072D170E7600F47B21 /* DetailsUser.swift in Sources */ = {isa = PBXBuildFile; fileRef = FA3BA2062D170E7600F47B21 /* DetailsUser.swift */; };
		FA3BA2092D170E8F00F47B21 /* DetailsUser.xib in Resources */ = {isa = PBXBuildFile; fileRef = FA3BA2082D170E8F00F47B21 /* DetailsUser.xib */; };
		FA3BA20C2D17F64500F47B21 /* UserDetailsViewModel.swift in Sources */ = {isa = PBXBuildFile; fileRef = FA3BA20B2D17F64500F47B21 /* UserDetailsViewModel.swift */; };
		FA3BA20E2D17F8FE00F47B21 /* FollowModel.swift in Sources */ = {isa = PBXBuildFile; fileRef = FA3BA20D2D17F8FE00F47B21 /* FollowModel.swift */; };
		FA3BA2112D17FB8300F47B21 /* DetailsUserModel.swift in Sources */ = {isa = PBXBuildFile; fileRef = FA3BA2102D17FB8300F47B21 /* DetailsUserModel.swift */; };
		FA3BA2142D18451200F47B21 /* CoreDataRepository.swift in Sources */ = {isa = PBXBuildFile; fileRef = FA3BA2132D18451200F47B21 /* CoreDataRepository.swift */; };
		FA3BA2172D18457E00F47B21 /* UserEntity.xcdatamodeld in Sources */ = {isa = PBXBuildFile; fileRef = FA3BA2152D18457E00F47B21 /* UserEntity.xcdatamodeld */; };
		FA3BA2192D18483B00F47B21 /* CoreDataManager.swift in Sources */ = {isa = PBXBuildFile; fileRef = FA3BA2182D18483B00F47B21 /* CoreDataManager.swift */; };
		FA3BA21B2D1854C600F47B21 /* ErrorHandler.swift in Sources */ = {isa = PBXBuildFile; fileRef = FA3BA21A2D1854C600F47B21 /* ErrorHandler.swift */; };
/* End PBXBuildFile section */

/* Begin PBXContainerItemProxy section */
		FA3BA1B02D1481EF00F47B21 /* PBXContainerItemProxy */ = {
			isa = PBXContainerItemProxy;
			containerPortal = FA3BA1912D1481ED00F47B21 /* Project object */;
			proxyType = 1;
			remoteGlobalIDString = FA3BA1982D1481ED00F47B21;
			remoteInfo = TakeHome;
		};
		FA3BA1BA2D1481EF00F47B21 /* PBXContainerItemProxy */ = {
			isa = PBXContainerItemProxy;
			containerPortal = FA3BA1912D1481ED00F47B21 /* Project object */;
			proxyType = 1;
			remoteGlobalIDString = FA3BA1982D1481ED00F47B21;
			remoteInfo = TakeHome;
		};
/* End PBXContainerItemProxy section */

/* Begin PBXFileReference section */
		FA008B182D1986F900F91A0C /* ListUserViewControllerTests.swift */ = {isa = PBXFileReference; lastKnownFileType = sourcecode.swift; path = ListUserViewControllerTests.swift; sourceTree = "<group>"; };
		FA008B1B2D1988FF00F91A0C /* MockListUserInteractor.swift */ = {isa = PBXFileReference; lastKnownFileType = sourcecode.swift; path = MockListUserInteractor.swift; sourceTree = "<group>"; };
		FA008B1D2D1989C200F91A0C /* MockListUserRouter.swift */ = {isa = PBXFileReference; lastKnownFileType = sourcecode.swift; path = MockListUserRouter.swift; sourceTree = "<group>"; };
		FA008B1F2D198C6F00F91A0C /* MockTableView.swift */ = {isa = PBXFileReference; lastKnownFileType = sourcecode.swift; path = MockTableView.swift; sourceTree = "<group>"; };
		FA008B212D19924A00F91A0C /* MockAlert.swift */ = {isa = PBXFileReference; lastKnownFileType = sourcecode.swift; path = MockAlert.swift; sourceTree = "<group>"; };
		FA008B252D19978400F91A0C /* UserTableViewCellTests.swift */ = {isa = PBXFileReference; lastKnownFileType = sourcecode.swift; path = UserTableViewCellTests.swift; sourceTree = "<group>"; };
		FA008B272D1999DE00F91A0C /* ListUserInteractorTest.swift */ = {isa = PBXFileReference; lastKnownFileType = sourcecode.swift; path = ListUserInteractorTest.swift; sourceTree = "<group>"; };
		FA008B292D199A5800F91A0C /* MockListUserViewController.swift */ = {isa = PBXFileReference; lastKnownFileType = sourcecode.swift; path = MockListUserViewController.swift; sourceTree = "<group>"; };
		FA008B2B2D199ABC00F91A0C /* MockListUserWorker.swift */ = {isa = PBXFileReference; lastKnownFileType = sourcecode.swift; path = MockListUserWorker.swift; sourceTree = "<group>"; };
		FA008B2F2D19AFB500F91A0C /* MockUserRepository.swift */ = {isa = PBXFileReference; lastKnownFileType = sourcecode.swift; path = MockUserRepository.swift; sourceTree = "<group>"; };
		FA008B332D19B31800F91A0C /* MockNetwork.swift */ = {isa = PBXFileReference; lastKnownFileType = sourcecode.swift; path = MockNetwork.swift; sourceTree = "<group>"; };
		FA3BA1992D1481ED00F47B21 /* TakeHome.app */ = {isa = PBXFileReference; explicitFileType = wrapper.application; includeInIndex = 0; path = TakeHome.app; sourceTree = BUILT_PRODUCTS_DIR; };
		FA3BA19C2D1481ED00F47B21 /* AppDelegate.swift */ = {isa = PBXFileReference; lastKnownFileType = sourcecode.swift; path = AppDelegate.swift; sourceTree = "<group>"; };
		FA3BA19E2D1481ED00F47B21 /* SceneDelegate.swift */ = {isa = PBXFileReference; lastKnownFileType = sourcecode.swift; path = SceneDelegate.swift; sourceTree = "<group>"; };
		FA3BA1A02D1481ED00F47B21 /* ViewController.swift */ = {isa = PBXFileReference; lastKnownFileType = sourcecode.swift; path = ViewController.swift; sourceTree = "<group>"; };
		FA3BA1A52D1481EE00F47B21 /* Assets.xcassets */ = {isa = PBXFileReference; lastKnownFileType = folder.assetcatalog; path = Assets.xcassets; sourceTree = "<group>"; };
		FA3BA1A82D1481EE00F47B21 /* Base */ = {isa = PBXFileReference; lastKnownFileType = file.storyboard; name = Base; path = Base.lproj/LaunchScreen.storyboard; sourceTree = "<group>"; };
		FA3BA1AA2D1481EE00F47B21 /* Info.plist */ = {isa = PBXFileReference; lastKnownFileType = text.plist.xml; path = Info.plist; sourceTree = "<group>"; };
		FA3BA1AF2D1481EF00F47B21 /* TakeHomeTests.xctest */ = {isa = PBXFileReference; explicitFileType = wrapper.cfbundle; includeInIndex = 0; path = TakeHomeTests.xctest; sourceTree = BUILT_PRODUCTS_DIR; };
		FA3BA1B32D1481EF00F47B21 /* TakeHomeTests.swift */ = {isa = PBXFileReference; lastKnownFileType = sourcecode.swift; path = TakeHomeTests.swift; sourceTree = "<group>"; };
		FA3BA1B92D1481EF00F47B21 /* TakeHomeUITests.xctest */ = {isa = PBXFileReference; explicitFileType = wrapper.cfbundle; includeInIndex = 0; path = TakeHomeUITests.xctest; sourceTree = BUILT_PRODUCTS_DIR; };
		FA3BA1BD2D1481EF00F47B21 /* TakeHomeUITests.swift */ = {isa = PBXFileReference; lastKnownFileType = sourcecode.swift; path = TakeHomeUITests.swift; sourceTree = "<group>"; };
		FA3BA1BF2D1481EF00F47B21 /* TakeHomeUITestsLaunchTests.swift */ = {isa = PBXFileReference; lastKnownFileType = sourcecode.swift; path = TakeHomeUITestsLaunchTests.swift; sourceTree = "<group>"; };
		FA3BA1CE2D14845800F47B21 /* ListUserInformationWorker.swift */ = {isa = PBXFileReference; lastKnownFileType = sourcecode.swift; path = ListUserInformationWorker.swift; sourceTree = "<group>"; };
		FA3BA1CF2D14845800F47B21 /* ListUserInformationRouter.swift */ = {isa = PBXFileReference; lastKnownFileType = sourcecode.swift; path = ListUserInformationRouter.swift; sourceTree = "<group>"; };
		FA3BA1D02D14845800F47B21 /* ListUserInformationViewController.swift */ = {isa = PBXFileReference; lastKnownFileType = sourcecode.swift; path = ListUserInformationViewController.swift; sourceTree = "<group>"; };
		FA3BA1D12D14845800F47B21 /* ListUserInformationInteractor.swift */ = {isa = PBXFileReference; lastKnownFileType = sourcecode.swift; path = ListUserInformationInteractor.swift; sourceTree = "<group>"; };
		FA3BA1D22D14845800F47B21 /* ListUserInformationConfigurator.swift */ = {isa = PBXFileReference; lastKnownFileType = sourcecode.swift; path = ListUserInformationConfigurator.swift; sourceTree = "<group>"; };
		FA3BA1D32D14845800F47B21 /* ListUserInformationViewController.xib */ = {isa = PBXFileReference; lastKnownFileType = file.xib; path = ListUserInformationViewController.xib; sourceTree = "<group>"; };
		FA3BA1DF2D166ACE00F47B21 /* NetworkServices.swift */ = {isa = PBXFileReference; lastKnownFileType = sourcecode.swift; path = NetworkServices.swift; sourceTree = "<group>"; };
		FA3BA1E22D166E9F00F47B21 /* UserInformationModel.swift */ = {isa = PBXFileReference; lastKnownFileType = sourcecode.swift; path = UserInformationModel.swift; sourceTree = "<group>"; };
		FA3BA1E72D169A6700F47B21 /* APIEndPoint.swift */ = {isa = PBXFileReference; lastKnownFileType = sourcecode.swift; path = APIEndPoint.swift; sourceTree = "<group>"; };
		FA3BA1ED2D169F1C00F47B21 /* UserTableViewCell.swift */ = {isa = PBXFileReference; lastKnownFileType = sourcecode.swift; path = UserTableViewCell.swift; sourceTree = "<group>"; };
		FA3BA1EE2D169F1C00F47B21 /* UserTableViewCell.xib */ = {isa = PBXFileReference; lastKnownFileType = file.xib; path = UserTableViewCell.xib; sourceTree = "<group>"; };
		FA3BA1F12D16A2D900F47B21 /* UserCellModel.swift */ = {isa = PBXFileReference; lastKnownFileType = sourcecode.swift; path = UserCellModel.swift; sourceTree = "<group>"; };
		FA3BA1F72D17070C00F47B21 /* DetailsUserWorker.swift */ = {isa = PBXFileReference; lastKnownFileType = sourcecode.swift; path = DetailsUserWorker.swift; sourceTree = "<group>"; };
		FA3BA1F82D17070C00F47B21 /* DetailsUserRouter.swift */ = {isa = PBXFileReference; lastKnownFileType = sourcecode.swift; path = DetailsUserRouter.swift; sourceTree = "<group>"; };
		FA3BA1F92D17070C00F47B21 /* DetailsUserViewController.swift */ = {isa = PBXFileReference; lastKnownFileType = sourcecode.swift; path = DetailsUserViewController.swift; sourceTree = "<group>"; };
		FA3BA1FA2D17070C00F47B21 /* DetailsUserInteractor.swift */ = {isa = PBXFileReference; lastKnownFileType = sourcecode.swift; path = DetailsUserInteractor.swift; sourceTree = "<group>"; };
		FA3BA1FB2D17070C00F47B21 /* DetailsUserConfigurator.swift */ = {isa = PBXFileReference; lastKnownFileType = sourcecode.swift; path = DetailsUserConfigurator.swift; sourceTree = "<group>"; };
		FA3BA1FC2D17070C00F47B21 /* DetailsUserViewController.xib */ = {isa = PBXFileReference; lastKnownFileType = file.xib; path = DetailsUserViewController.xib; sourceTree = "<group>"; };
		FA3BA2032D170AFA00F47B21 /* UIviewcontroller+Extension.swift */ = {isa = PBXFileReference; lastKnownFileType = sourcecode.swift; path = "UIviewcontroller+Extension.swift"; sourceTree = "<group>"; };
		FA3BA2062D170E7600F47B21 /* DetailsUser.swift */ = {isa = PBXFileReference; lastKnownFileType = sourcecode.swift; path = DetailsUser.swift; sourceTree = "<group>"; };
		FA3BA2082D170E8F00F47B21 /* DetailsUser.xib */ = {isa = PBXFileReference; lastKnownFileType = file.xib; path = DetailsUser.xib; sourceTree = "<group>"; };
		FA3BA20B2D17F64500F47B21 /* UserDetailsViewModel.swift */ = {isa = PBXFileReference; lastKnownFileType = sourcecode.swift; path = UserDetailsViewModel.swift; sourceTree = "<group>"; };
		FA3BA20D2D17F8FE00F47B21 /* FollowModel.swift */ = {isa = PBXFileReference; lastKnownFileType = sourcecode.swift; path = FollowModel.swift; sourceTree = "<group>"; };
		FA3BA2102D17FB8300F47B21 /* DetailsUserModel.swift */ = {isa = PBXFileReference; lastKnownFileType = sourcecode.swift; path = DetailsUserModel.swift; sourceTree = "<group>"; };
		FA3BA2132D18451200F47B21 /* CoreDataRepository.swift */ = {isa = PBXFileReference; lastKnownFileType = sourcecode.swift; path = CoreDataRepository.swift; sourceTree = "<group>"; };
		FA3BA2162D18457E00F47B21 /* UserEntity.xcdatamodel */ = {isa = PBXFileReference; lastKnownFileType = wrapper.xcdatamodel; path = UserEntity.xcdatamodel; sourceTree = "<group>"; };
		FA3BA2182D18483B00F47B21 /* CoreDataManager.swift */ = {isa = PBXFileReference; lastKnownFileType = sourcecode.swift; path = CoreDataManager.swift; sourceTree = "<group>"; };
		FA3BA21A2D1854C600F47B21 /* ErrorHandler.swift */ = {isa = PBXFileReference; lastKnownFileType = sourcecode.swift; path = ErrorHandler.swift; sourceTree = "<group>"; };
/* End PBXFileReference section */

/* Begin PBXFrameworksBuildPhase section */
		FA3BA1962D1481ED00F47B21 /* Frameworks */ = {
			isa = PBXFrameworksBuildPhase;
			buildActionMask = 2147483647;
			files = (
				FA3BA1F52D16A3A400F47B21 /* Kingfisher in Frameworks */,
				FA3BA1EB2D169DA100F47B21 /* SVProgressHUD in Frameworks */,
				FA3BA1E62D16718700F47B21 /* SwiftyJSON in Frameworks */,
			);
			runOnlyForDeploymentPostprocessing = 0;
		};
		FA3BA1AC2D1481EF00F47B21 /* Frameworks */ = {
			isa = PBXFrameworksBuildPhase;
			buildActionMask = 2147483647;
			files = (
			);
			runOnlyForDeploymentPostprocessing = 0;
		};
		FA3BA1B62D1481EF00F47B21 /* Frameworks */ = {
			isa = PBXFrameworksBuildPhase;
			buildActionMask = 2147483647;
			files = (
			);
			runOnlyForDeploymentPostprocessing = 0;
		};
/* End PBXFrameworksBuildPhase section */

/* Begin PBXGroup section */
		FA008B1A2D1988DD00F91A0C /* Mock */ = {
			isa = PBXGroup;
			children = (
				FA008B322D19B24100F91A0C /* UserDetails */,
				FA008B312D19B21C00F91A0C /* ListUserInformation */,
				FA008B1F2D198C6F00F91A0C /* MockTableView.swift */,
				FA008B212D19924A00F91A0C /* MockAlert.swift */,
				FA008B2B2D199ABC00F91A0C /* MockListUserWorker.swift */,
				FA008B2F2D19AFB500F91A0C /* MockUserRepository.swift */,
			);
			path = Mock;
			sourceTree = "<group>";
		};
		FA008B232D19972600F91A0C /* ListUserInformationTest */ = {
			isa = PBXGroup;
			children = (
				FA008B272D1999DE00F91A0C /* ListUserInteractorTest.swift */,
				FA008B182D1986F900F91A0C /* ListUserViewControllerTests.swift */,
				FA008B242D19973F00F91A0C /* CellTest */,
			);
			path = ListUserInformationTest;
			sourceTree = "<group>";
		};
		FA008B242D19973F00F91A0C /* CellTest */ = {
			isa = PBXGroup;
			children = (
				FA008B252D19978400F91A0C /* UserTableViewCellTests.swift */,
			);
			path = CellTest;
			sourceTree = "<group>";
		};
		FA008B312D19B21C00F91A0C /* ListUserInformation */ = {
			isa = PBXGroup;
			children = (
				FA008B1D2D1989C200F91A0C /* MockListUserRouter.swift */,
				FA008B1B2D1988FF00F91A0C /* MockListUserInteractor.swift */,
				FA008B292D199A5800F91A0C /* MockListUserViewController.swift */,
				FA008B332D19B31800F91A0C /* MockNetwork.swift */,
			);
			path = ListUserInformation;
			sourceTree = "<group>";
		};
		FA008B322D19B24100F91A0C /* UserDetails */ = {
			isa = PBXGroup;
			children = (
			);
			path = UserDetails;
			sourceTree = "<group>";
		};
		FA3BA1902D1481ED00F47B21 = {
			isa = PBXGroup;
			children = (
				FA3BA1DA2D16692200F47B21 /* Core */,
				FA3BA1CC2D1483D800F47B21 /* Sences */,
				FA3BA19B2D1481ED00F47B21 /* TakeHome */,
				FA3BA1B22D1481EF00F47B21 /* TakeHomeTests */,
				FA3BA1BC2D1481EF00F47B21 /* TakeHomeUITests */,
				FA3BA19A2D1481ED00F47B21 /* Products */,
			);
			sourceTree = "<group>";
		};
		FA3BA19A2D1481ED00F47B21 /* Products */ = {
			isa = PBXGroup;
			children = (
				FA3BA1992D1481ED00F47B21 /* TakeHome.app */,
				FA3BA1AF2D1481EF00F47B21 /* TakeHomeTests.xctest */,
				FA3BA1B92D1481EF00F47B21 /* TakeHomeUITests.xctest */,
			);
			name = Products;
			sourceTree = "<group>";
		};
		FA3BA19B2D1481ED00F47B21 /* TakeHome */ = {
			isa = PBXGroup;
			children = (
				FA3BA19C2D1481ED00F47B21 /* AppDelegate.swift */,
				FA3BA19E2D1481ED00F47B21 /* SceneDelegate.swift */,
				FA3BA1A02D1481ED00F47B21 /* ViewController.swift */,
				FA3BA1A52D1481EE00F47B21 /* Assets.xcassets */,
				FA3BA1A72D1481EE00F47B21 /* LaunchScreen.storyboard */,
				FA3BA1AA2D1481EE00F47B21 /* Info.plist */,
			);
			path = TakeHome;
			sourceTree = "<group>";
		};
		FA3BA1B22D1481EF00F47B21 /* TakeHomeTests */ = {
			isa = PBXGroup;
			children = (
				FA008B232D19972600F91A0C /* ListUserInformationTest */,
				FA008B1A2D1988DD00F91A0C /* Mock */,
				FA3BA1B32D1481EF00F47B21 /* TakeHomeTests.swift */,
			);
			path = TakeHomeTests;
			sourceTree = "<group>";
		};
		FA3BA1BC2D1481EF00F47B21 /* TakeHomeUITests */ = {
			isa = PBXGroup;
			children = (
				FA3BA1BD2D1481EF00F47B21 /* TakeHomeUITests.swift */,
				FA3BA1BF2D1481EF00F47B21 /* TakeHomeUITestsLaunchTests.swift */,
			);
			path = TakeHomeUITests;
			sourceTree = "<group>";
		};
		FA3BA1CC2D1483D800F47B21 /* Sences */ = {
			isa = PBXGroup;
			children = (
				FA3BA1F62D1706BF00F47B21 /* DetailsUser */,
				FA3BA1CD2D1483DE00F47B21 /* ListUser */,
			);
			path = Sences;
			sourceTree = "<group>";
		};
		FA3BA1CD2D1483DE00F47B21 /* ListUser */ = {
			isa = PBXGroup;
			children = (
				FA3BA1EC2D169EF600F47B21 /* Cell */,
				FA3BA1E12D166E6100F47B21 /* Model */,
				FA3BA1CE2D14845800F47B21 /* ListUserInformationWorker.swift */,
				FA3BA1CF2D14845800F47B21 /* ListUserInformationRouter.swift */,
				FA3BA1D02D14845800F47B21 /* ListUserInformationViewController.swift */,
				FA3BA1D12D14845800F47B21 /* ListUserInformationInteractor.swift */,
				FA3BA1D22D14845800F47B21 /* ListUserInformationConfigurator.swift */,
				FA3BA1D32D14845800F47B21 /* ListUserInformationViewController.xib */,
			);
			path = ListUser;
			sourceTree = "<group>";
		};
		FA3BA1DA2D16692200F47B21 /* Core */ = {
			isa = PBXGroup;
			children = (
				FA3BA1DE2D16694F00F47B21 /* Utilities */,
				FA3BA1DD2D16694800F47B21 /* DataBase */,
				FA3BA1DB2D16692A00F47B21 /* Network */,
			);
			path = Core;
			sourceTree = "<group>";
		};
		FA3BA1DB2D16692A00F47B21 /* Network */ = {
			isa = PBXGroup;
			children = (
				FA3BA1DF2D166ACE00F47B21 /* NetworkServices.swift */,
			);
			path = Network;
			sourceTree = "<group>";
		};
		FA3BA1DD2D16694800F47B21 /* DataBase */ = {
			isa = PBXGroup;
			children = (
				FA3BA2132D18451200F47B21 /* CoreDataRepository.swift */,
				FA3BA2152D18457E00F47B21 /* UserEntity.xcdatamodeld */,
				FA3BA2182D18483B00F47B21 /* CoreDataManager.swift */,
			);
			path = DataBase;
			sourceTree = "<group>";
		};
		FA3BA1DE2D16694F00F47B21 /* Utilities */ = {
			isa = PBXGroup;
			children = (
				FA3BA1E72D169A6700F47B21 /* APIEndPoint.swift */,
				FA3BA2032D170AFA00F47B21 /* UIviewcontroller+Extension.swift */,
				FA3BA21A2D1854C600F47B21 /* ErrorHandler.swift */,
			);
			name = Utilities;
			path = "Utilitíe";
			sourceTree = "<group>";
		};
		FA3BA1E12D166E6100F47B21 /* Model */ = {
			isa = PBXGroup;
			children = (
				FA3BA1E22D166E9F00F47B21 /* UserInformationModel.swift */,
				FA3BA1F12D16A2D900F47B21 /* UserCellModel.swift */,
			);
			path = Model;
			sourceTree = "<group>";
		};
		FA3BA1EC2D169EF600F47B21 /* Cell */ = {
			isa = PBXGroup;
			children = (
				FA3BA1ED2D169F1C00F47B21 /* UserTableViewCell.swift */,
				FA3BA1EE2D169F1C00F47B21 /* UserTableViewCell.xib */,
			);
			path = Cell;
			sourceTree = "<group>";
		};
		FA3BA1F62D1706BF00F47B21 /* DetailsUser */ = {
			isa = PBXGroup;
			children = (
				FA3BA20A2D17F63300F47B21 /* Model */,
				FA3BA2052D170E4B00F47B21 /* View */,
				FA3BA1F72D17070C00F47B21 /* DetailsUserWorker.swift */,
				FA3BA1F82D17070C00F47B21 /* DetailsUserRouter.swift */,
				FA3BA1F92D17070C00F47B21 /* DetailsUserViewController.swift */,
				FA3BA1FA2D17070C00F47B21 /* DetailsUserInteractor.swift */,
				FA3BA1FB2D17070C00F47B21 /* DetailsUserConfigurator.swift */,
				FA3BA1FC2D17070C00F47B21 /* DetailsUserViewController.xib */,
			);
			path = DetailsUser;
			sourceTree = "<group>";
		};
		FA3BA2052D170E4B00F47B21 /* View */ = {
			isa = PBXGroup;
			children = (
				FA3BA2062D170E7600F47B21 /* DetailsUser.swift */,
				FA3BA2082D170E8F00F47B21 /* DetailsUser.xib */,
			);
			path = View;
			sourceTree = "<group>";
		};
		FA3BA20A2D17F63300F47B21 /* Model */ = {
			isa = PBXGroup;
			children = (
				FA3BA20B2D17F64500F47B21 /* UserDetailsViewModel.swift */,
				FA3BA20D2D17F8FE00F47B21 /* FollowModel.swift */,
				FA3BA2102D17FB8300F47B21 /* DetailsUserModel.swift */,
			);
			path = Model;
			sourceTree = "<group>";
		};
/* End PBXGroup section */

/* Begin PBXNativeTarget section */
		FA3BA1982D1481ED00F47B21 /* TakeHome */ = {
			isa = PBXNativeTarget;
			buildConfigurationList = FA3BA1C32D1481EF00F47B21 /* Build configuration list for PBXNativeTarget "TakeHome" */;
			buildPhases = (
				FA3BA1952D1481ED00F47B21 /* Sources */,
				FA3BA1962D1481ED00F47B21 /* Frameworks */,
				FA3BA1972D1481ED00F47B21 /* Resources */,
			);
			buildRules = (
			);
			dependencies = (
			);
			name = TakeHome;
			packageProductDependencies = (
				FA3BA1E52D16718700F47B21 /* SwiftyJSON */,
				FA3BA1EA2D169DA100F47B21 /* SVProgressHUD */,
				FA3BA1F42D16A3A400F47B21 /* Kingfisher */,
			);
			productName = TakeHome;
			productReference = FA3BA1992D1481ED00F47B21 /* TakeHome.app */;
			productType = "com.apple.product-type.application";
		};
		FA3BA1AE2D1481EF00F47B21 /* TakeHomeTests */ = {
			isa = PBXNativeTarget;
			buildConfigurationList = FA3BA1C62D1481EF00F47B21 /* Build configuration list for PBXNativeTarget "TakeHomeTests" */;
			buildPhases = (
				FA3BA1AB2D1481EF00F47B21 /* Sources */,
				FA3BA1AC2D1481EF00F47B21 /* Frameworks */,
				FA3BA1AD2D1481EF00F47B21 /* Resources */,
			);
			buildRules = (
			);
			dependencies = (
				FA3BA1B12D1481EF00F47B21 /* PBXTargetDependency */,
			);
			name = TakeHomeTests;
			productName = TakeHomeTests;
			productReference = FA3BA1AF2D1481EF00F47B21 /* TakeHomeTests.xctest */;
			productType = "com.apple.product-type.bundle.unit-test";
		};
		FA3BA1B82D1481EF00F47B21 /* TakeHomeUITests */ = {
			isa = PBXNativeTarget;
			buildConfigurationList = FA3BA1C92D1481EF00F47B21 /* Build configuration list for PBXNativeTarget "TakeHomeUITests" */;
			buildPhases = (
				FA3BA1B52D1481EF00F47B21 /* Sources */,
				FA3BA1B62D1481EF00F47B21 /* Frameworks */,
				FA3BA1B72D1481EF00F47B21 /* Resources */,
			);
			buildRules = (
			);
			dependencies = (
				FA3BA1BB2D1481EF00F47B21 /* PBXTargetDependency */,
			);
			name = TakeHomeUITests;
			productName = TakeHomeUITests;
			productReference = FA3BA1B92D1481EF00F47B21 /* TakeHomeUITests.xctest */;
			productType = "com.apple.product-type.bundle.ui-testing";
		};
/* End PBXNativeTarget section */

/* Begin PBXProject section */
		FA3BA1912D1481ED00F47B21 /* Project object */ = {
			isa = PBXProject;
			attributes = {
				BuildIndependentTargetsInParallel = 1;
				LastSwiftUpdateCheck = 1540;
				LastUpgradeCheck = 1540;
				TargetAttributes = {
					FA3BA1982D1481ED00F47B21 = {
						CreatedOnToolsVersion = 15.4;
					};
					FA3BA1AE2D1481EF00F47B21 = {
						CreatedOnToolsVersion = 15.4;
						TestTargetID = FA3BA1982D1481ED00F47B21;
					};
					FA3BA1B82D1481EF00F47B21 = {
						CreatedOnToolsVersion = 15.4;
						TestTargetID = FA3BA1982D1481ED00F47B21;
					};
				};
			};
			buildConfigurationList = FA3BA1942D1481ED00F47B21 /* Build configuration list for PBXProject "TakeHome" */;
			compatibilityVersion = "Xcode 14.0";
			developmentRegion = en;
			hasScannedForEncodings = 0;
			knownRegions = (
				en,
				Base,
			);
			mainGroup = FA3BA1902D1481ED00F47B21;
			packageReferences = (
				FA3BA1E42D16718700F47B21 /* XCRemoteSwiftPackageReference "SwiftyJSON" */,
				FA3BA1E92D169DA100F47B21 /* XCRemoteSwiftPackageReference "SVProgressHUD" */,
				FA3BA1F32D16A3A400F47B21 /* XCRemoteSwiftPackageReference "Kingfisher" */,
			);
			productRefGroup = FA3BA19A2D1481ED00F47B21 /* Products */;
			projectDirPath = "";
			projectRoot = "";
			targets = (
				FA3BA1982D1481ED00F47B21 /* TakeHome */,
				FA3BA1AE2D1481EF00F47B21 /* TakeHomeTests */,
				FA3BA1B82D1481EF00F47B21 /* TakeHomeUITests */,
			);
		};
/* End PBXProject section */

/* Begin PBXResourcesBuildPhase section */
		FA3BA1972D1481ED00F47B21 /* Resources */ = {
			isa = PBXResourcesBuildPhase;
			buildActionMask = 2147483647;
			files = (
				FA3BA1EF2D169F1C00F47B21 /* UserTableViewCell.xib in Resources */,
				FA3BA1A62D1481EE00F47B21 /* Assets.xcassets in Resources */,
				FA3BA1D42D14845800F47B21 /* ListUserInformationViewController.xib in Resources */,
				FA3BA1A92D1481EE00F47B21 /* Base in Resources */,
				FA3BA1FD2D17070C00F47B21 /* DetailsUserViewController.xib in Resources */,
				FA3BA2092D170E8F00F47B21 /* DetailsUser.xib in Resources */,
			);
			runOnlyForDeploymentPostprocessing = 0;
		};
		FA3BA1AD2D1481EF00F47B21 /* Resources */ = {
			isa = PBXResourcesBuildPhase;
			buildActionMask = 2147483647;
			files = (
			);
			runOnlyForDeploymentPostprocessing = 0;
		};
		FA3BA1B72D1481EF00F47B21 /* Resources */ = {
			isa = PBXResourcesBuildPhase;
			buildActionMask = 2147483647;
			files = (
			);
			runOnlyForDeploymentPostprocessing = 0;
		};
/* End PBXResourcesBuildPhase section */

/* Begin PBXSourcesBuildPhase section */
		FA3BA1952D1481ED00F47B21 /* Sources */ = {
			isa = PBXSourcesBuildPhase;
			buildActionMask = 2147483647;
			files = (
				FA3BA1A12D1481ED00F47B21 /* ViewController.swift in Sources */,
				FA3BA1F22D16A2D900F47B21 /* UserCellModel.swift in Sources */,
				FA3BA20E2D17F8FE00F47B21 /* FollowModel.swift in Sources */,
				FA3BA1D52D14845800F47B21 /* ListUserInformationWorker.swift in Sources */,
				FA3BA1FE2D17070C00F47B21 /* DetailsUserWorker.swift in Sources */,
				FA3BA1FF2D17070C00F47B21 /* DetailsUserRouter.swift in Sources */,
				FA3BA21B2D1854C600F47B21 /* ErrorHandler.swift in Sources */,
				FA3BA2002D17070C00F47B21 /* DetailsUserViewController.swift in Sources */,
				FA3BA20C2D17F64500F47B21 /* UserDetailsViewModel.swift in Sources */,
				FA3BA2012D17070C00F47B21 /* DetailsUserInteractor.swift in Sources */,
				FA3BA2022D17070C00F47B21 /* DetailsUserConfigurator.swift in Sources */,
				FA3BA1D62D14845800F47B21 /* ListUserInformationRouter.swift in Sources */,
				FA3BA1E02D166ACE00F47B21 /* NetworkServices.swift in Sources */,
				FA3BA1F02D169F1C00F47B21 /* UserTableViewCell.swift in Sources */,
				FA3BA1D72D14845800F47B21 /* ListUserInformationViewController.swift in Sources */,
				FA3BA1E32D166E9F00F47B21 /* UserInformationModel.swift in Sources */,
				FA3BA1D82D14845800F47B21 /* ListUserInformationInteractor.swift in Sources */,
				FA3BA1D92D14845800F47B21 /* ListUserInformationConfigurator.swift in Sources */,
				FA3BA1E82D169A6700F47B21 /* APIEndPoint.swift in Sources */,
				FA3BA2112D17FB8300F47B21 /* DetailsUserModel.swift in Sources */,
				FA3BA19D2D1481ED00F47B21 /* AppDelegate.swift in Sources */,
				FA3BA2192D18483B00F47B21 /* CoreDataManager.swift in Sources */,
				FA3BA2072D170E7600F47B21 /* DetailsUser.swift in Sources */,
				FA3BA19F2D1481ED00F47B21 /* SceneDelegate.swift in Sources */,
				FA3BA2142D18451200F47B21 /* CoreDataRepository.swift in Sources */,
				FA3BA2172D18457E00F47B21 /* UserEntity.xcdatamodeld in Sources */,
				FA3BA2042D170AFA00F47B21 /* UIviewcontroller+Extension.swift in Sources */,
			);
			runOnlyForDeploymentPostprocessing = 0;
		};
		FA3BA1AB2D1481EF00F47B21 /* Sources */ = {
			isa = PBXSourcesBuildPhase;
			buildActionMask = 2147483647;
			files = (
				FA008B302D19AFB500F91A0C /* MockUserRepository.swift in Sources */,
				FA008B1C2D1988FF00F91A0C /* MockListUserInteractor.swift in Sources */,
				FA008B2A2D199A5800F91A0C /* MockListUserViewController.swift in Sources */,
				FA008B342D19B31800F91A0C /* MockNetwork.swift in Sources */,
				FA008B222D19924A00F91A0C /* MockAlert.swift in Sources */,
				FA008B1E2D1989C200F91A0C /* MockListUserRouter.swift in Sources */,
				FA008B262D19978400F91A0C /* UserTableViewCellTests.swift in Sources */,
				FA3BA1B42D1481EF00F47B21 /* TakeHomeTests.swift in Sources */,
				FA008B282D1999DE00F91A0C /* ListUserInteractorTest.swift in Sources */,
				FA008B202D198C6F00F91A0C /* MockTableView.swift in Sources */,
				FA008B2C2D199ABC00F91A0C /* MockListUserWorker.swift in Sources */,
				FA008B192D1986F900F91A0C /* ListUserViewControllerTests.swift in Sources */,
			);
			runOnlyForDeploymentPostprocessing = 0;
		};
		FA3BA1B52D1481EF00F47B21 /* Sources */ = {
			isa = PBXSourcesBuildPhase;
			buildActionMask = 2147483647;
			files = (
				FA3BA1C02D1481EF00F47B21 /* TakeHomeUITestsLaunchTests.swift in Sources */,
				FA3BA1BE2D1481EF00F47B21 /* TakeHomeUITests.swift in Sources */,
			);
			runOnlyForDeploymentPostprocessing = 0;
		};
/* End PBXSourcesBuildPhase section */

/* Begin PBXTargetDependency section */
		FA3BA1B12D1481EF00F47B21 /* PBXTargetDependency */ = {
			isa = PBXTargetDependency;
			target = FA3BA1982D1481ED00F47B21 /* TakeHome */;
			targetProxy = FA3BA1B02D1481EF00F47B21 /* PBXContainerItemProxy */;
		};
		FA3BA1BB2D1481EF00F47B21 /* PBXTargetDependency */ = {
			isa = PBXTargetDependency;
			target = FA3BA1982D1481ED00F47B21 /* TakeHome */;
			targetProxy = FA3BA1BA2D1481EF00F47B21 /* PBXContainerItemProxy */;
		};
/* End PBXTargetDependency section */

/* Begin PBXVariantGroup section */
		FA3BA1A72D1481EE00F47B21 /* LaunchScreen.storyboard */ = {
			isa = PBXVariantGroup;
			children = (
				FA3BA1A82D1481EE00F47B21 /* Base */,
			);
			name = LaunchScreen.storyboard;
			sourceTree = "<group>";
		};
/* End PBXVariantGroup section */

/* Begin XCBuildConfiguration section */
		FA3BA1C12D1481EF00F47B21 /* Debug */ = {
			isa = XCBuildConfiguration;
			buildSettings = {
				ALWAYS_SEARCH_USER_PATHS = NO;
				ASSETCATALOG_COMPILER_GENERATE_SWIFT_ASSET_SYMBOL_EXTENSIONS = YES;
				CLANG_ANALYZER_NONNULL = YES;
				CLANG_ANALYZER_NUMBER_OBJECT_CONVERSION = YES_AGGRESSIVE;
				CLANG_CXX_LANGUAGE_STANDARD = "gnu++20";
				CLANG_ENABLE_MODULES = YES;
				CLANG_ENABLE_OBJC_ARC = YES;
				CLANG_ENABLE_OBJC_WEAK = YES;
				CLANG_WARN_BLOCK_CAPTURE_AUTORELEASING = YES;
				CLANG_WARN_BOOL_CONVERSION = YES;
				CLANG_WARN_COMMA = YES;
				CLANG_WARN_CONSTANT_CONVERSION = YES;
				CLANG_WARN_DEPRECATED_OBJC_IMPLEMENTATIONS = YES;
				CLANG_WARN_DIRECT_OBJC_ISA_USAGE = YES_ERROR;
				CLANG_WARN_DOCUMENTATION_COMMENTS = YES;
				CLANG_WARN_EMPTY_BODY = YES;
				CLANG_WARN_ENUM_CONVERSION = YES;
				CLANG_WARN_INFINITE_RECURSION = YES;
				CLANG_WARN_INT_CONVERSION = YES;
				CLANG_WARN_NON_LITERAL_NULL_CONVERSION = YES;
				CLANG_WARN_OBJC_IMPLICIT_RETAIN_SELF = YES;
				CLANG_WARN_OBJC_LITERAL_CONVERSION = YES;
				CLANG_WARN_OBJC_ROOT_CLASS = YES_ERROR;
				CLANG_WARN_QUOTED_INCLUDE_IN_FRAMEWORK_HEADER = YES;
				CLANG_WARN_RANGE_LOOP_ANALYSIS = YES;
				CLANG_WARN_STRICT_PROTOTYPES = YES;
				CLANG_WARN_SUSPICIOUS_MOVE = YES;
				CLANG_WARN_UNGUARDED_AVAILABILITY = YES_AGGRESSIVE;
				CLANG_WARN_UNREACHABLE_CODE = YES;
				CLANG_WARN__DUPLICATE_METHOD_MATCH = YES;
				COPY_PHASE_STRIP = NO;
				DEBUG_INFORMATION_FORMAT = dwarf;
				ENABLE_STRICT_OBJC_MSGSEND = YES;
				ENABLE_TESTABILITY = YES;
				ENABLE_USER_SCRIPT_SANDBOXING = YES;
				GCC_C_LANGUAGE_STANDARD = gnu17;
				GCC_DYNAMIC_NO_PIC = NO;
				GCC_NO_COMMON_BLOCKS = YES;
				GCC_OPTIMIZATION_LEVEL = 0;
				GCC_PREPROCESSOR_DEFINITIONS = (
					"DEBUG=1",
					"$(inherited)",
				);
				GCC_WARN_64_TO_32_BIT_CONVERSION = YES;
				GCC_WARN_ABOUT_RETURN_TYPE = YES_ERROR;
				GCC_WARN_UNDECLARED_SELECTOR = YES;
				GCC_WARN_UNINITIALIZED_AUTOS = YES_AGGRESSIVE;
				GCC_WARN_UNUSED_FUNCTION = YES;
				GCC_WARN_UNUSED_VARIABLE = YES;
				IPHONEOS_DEPLOYMENT_TARGET = 17.5;
				LOCALIZATION_PREFERS_STRING_CATALOGS = YES;
				MTL_ENABLE_DEBUG_INFO = INCLUDE_SOURCE;
				MTL_FAST_MATH = YES;
				ONLY_ACTIVE_ARCH = YES;
				SDKROOT = iphoneos;
				SWIFT_ACTIVE_COMPILATION_CONDITIONS = "DEBUG $(inherited)";
				SWIFT_OPTIMIZATION_LEVEL = "-Onone";
			};
			name = Debug;
		};
		FA3BA1C22D1481EF00F47B21 /* Release */ = {
			isa = XCBuildConfiguration;
			buildSettings = {
				ALWAYS_SEARCH_USER_PATHS = NO;
				ASSETCATALOG_COMPILER_GENERATE_SWIFT_ASSET_SYMBOL_EXTENSIONS = YES;
				CLANG_ANALYZER_NONNULL = YES;
				CLANG_ANALYZER_NUMBER_OBJECT_CONVERSION = YES_AGGRESSIVE;
				CLANG_CXX_LANGUAGE_STANDARD = "gnu++20";
				CLANG_ENABLE_MODULES = YES;
				CLANG_ENABLE_OBJC_ARC = YES;
				CLANG_ENABLE_OBJC_WEAK = YES;
				CLANG_WARN_BLOCK_CAPTURE_AUTORELEASING = YES;
				CLANG_WARN_BOOL_CONVERSION = YES;
				CLANG_WARN_COMMA = YES;
				CLANG_WARN_CONSTANT_CONVERSION = YES;
				CLANG_WARN_DEPRECATED_OBJC_IMPLEMENTATIONS = YES;
				CLANG_WARN_DIRECT_OBJC_ISA_USAGE = YES_ERROR;
				CLANG_WARN_DOCUMENTATION_COMMENTS = YES;
				CLANG_WARN_EMPTY_BODY = YES;
				CLANG_WARN_ENUM_CONVERSION = YES;
				CLANG_WARN_INFINITE_RECURSION = YES;
				CLANG_WARN_INT_CONVERSION = YES;
				CLANG_WARN_NON_LITERAL_NULL_CONVERSION = YES;
				CLANG_WARN_OBJC_IMPLICIT_RETAIN_SELF = YES;
				CLANG_WARN_OBJC_LITERAL_CONVERSION = YES;
				CLANG_WARN_OBJC_ROOT_CLASS = YES_ERROR;
				CLANG_WARN_QUOTED_INCLUDE_IN_FRAMEWORK_HEADER = YES;
				CLANG_WARN_RANGE_LOOP_ANALYSIS = YES;
				CLANG_WARN_STRICT_PROTOTYPES = YES;
				CLANG_WARN_SUSPICIOUS_MOVE = YES;
				CLANG_WARN_UNGUARDED_AVAILABILITY = YES_AGGRESSIVE;
				CLANG_WARN_UNREACHABLE_CODE = YES;
				CLANG_WARN__DUPLICATE_METHOD_MATCH = YES;
				COPY_PHASE_STRIP = NO;
				DEBUG_INFORMATION_FORMAT = "dwarf-with-dsym";
				ENABLE_NS_ASSERTIONS = NO;
				ENABLE_STRICT_OBJC_MSGSEND = YES;
				ENABLE_USER_SCRIPT_SANDBOXING = YES;
				GCC_C_LANGUAGE_STANDARD = gnu17;
				GCC_NO_COMMON_BLOCKS = YES;
				GCC_WARN_64_TO_32_BIT_CONVERSION = YES;
				GCC_WARN_ABOUT_RETURN_TYPE = YES_ERROR;
				GCC_WARN_UNDECLARED_SELECTOR = YES;
				GCC_WARN_UNINITIALIZED_AUTOS = YES_AGGRESSIVE;
				GCC_WARN_UNUSED_FUNCTION = YES;
				GCC_WARN_UNUSED_VARIABLE = YES;
				IPHONEOS_DEPLOYMENT_TARGET = 17.5;
				LOCALIZATION_PREFERS_STRING_CATALOGS = YES;
				MTL_ENABLE_DEBUG_INFO = NO;
				MTL_FAST_MATH = YES;
				SDKROOT = iphoneos;
				SWIFT_COMPILATION_MODE = wholemodule;
				VALIDATE_PRODUCT = YES;
			};
			name = Release;
		};
		FA3BA1C42D1481EF00F47B21 /* Debug */ = {
			isa = XCBuildConfiguration;
			buildSettings = {
				ASSETCATALOG_COMPILER_APPICON_NAME = AppIcon;
				ASSETCATALOG_COMPILER_GLOBAL_ACCENT_COLOR_NAME = AccentColor;
				CODE_SIGN_STYLE = Automatic;
				CURRENT_PROJECT_VERSION = 1;
				GENERATE_INFOPLIST_FILE = YES;
				INFOPLIST_FILE = TakeHome/Info.plist;
				INFOPLIST_KEY_UIApplicationSupportsIndirectInputEvents = YES;
				INFOPLIST_KEY_UILaunchStoryboardName = LaunchScreen;
				INFOPLIST_KEY_UISupportedInterfaceOrientations_iPad = "UIInterfaceOrientationPortrait UIInterfaceOrientationPortraitUpsideDown UIInterfaceOrientationLandscapeLeft UIInterfaceOrientationLandscapeRight";
				INFOPLIST_KEY_UISupportedInterfaceOrientations_iPhone = "UIInterfaceOrientationPortrait UIInterfaceOrientationLandscapeLeft UIInterfaceOrientationLandscapeRight";
				LD_RUNPATH_SEARCH_PATHS = (
					"$(inherited)",
					"@executable_path/Frameworks",
				);
				MARKETING_VERSION = 1.0;
				PRODUCT_BUNDLE_IDENTIFIER = hiep.TakeHome;
				PRODUCT_NAME = "$(TARGET_NAME)";
				SWIFT_EMIT_LOC_STRINGS = YES;
				SWIFT_VERSION = 5.0;
				TARGETED_DEVICE_FAMILY = "1,2";
			};
			name = Debug;
		};
		FA3BA1C52D1481EF00F47B21 /* Release */ = {
			isa = XCBuildConfiguration;
			buildSettings = {
				ASSETCATALOG_COMPILER_APPICON_NAME = AppIcon;
				ASSETCATALOG_COMPILER_GLOBAL_ACCENT_COLOR_NAME = AccentColor;
				CODE_SIGN_STYLE = Automatic;
				CURRENT_PROJECT_VERSION = 1;
				GENERATE_INFOPLIST_FILE = YES;
				INFOPLIST_FILE = TakeHome/Info.plist;
				INFOPLIST_KEY_UIApplicationSupportsIndirectInputEvents = YES;
				INFOPLIST_KEY_UILaunchStoryboardName = LaunchScreen;
				INFOPLIST_KEY_UISupportedInterfaceOrientations_iPad = "UIInterfaceOrientationPortrait UIInterfaceOrientationPortraitUpsideDown UIInterfaceOrientationLandscapeLeft UIInterfaceOrientationLandscapeRight";
				INFOPLIST_KEY_UISupportedInterfaceOrientations_iPhone = "UIInterfaceOrientationPortrait UIInterfaceOrientationLandscapeLeft UIInterfaceOrientationLandscapeRight";
				LD_RUNPATH_SEARCH_PATHS = (
					"$(inherited)",
					"@executable_path/Frameworks",
				);
				MARKETING_VERSION = 1.0;
				PRODUCT_BUNDLE_IDENTIFIER = hiep.TakeHome;
				PRODUCT_NAME = "$(TARGET_NAME)";
				SWIFT_EMIT_LOC_STRINGS = YES;
				SWIFT_VERSION = 5.0;
				TARGETED_DEVICE_FAMILY = "1,2";
			};
			name = Release;
		};
		FA3BA1C72D1481EF00F47B21 /* Debug */ = {
			isa = XCBuildConfiguration;
			buildSettings = {
				ALWAYS_EMBED_SWIFT_STANDARD_LIBRARIES = YES;
				BUNDLE_LOADER = "$(TEST_HOST)";
				CODE_SIGN_STYLE = Automatic;
				CURRENT_PROJECT_VERSION = 1;
				GENERATE_INFOPLIST_FILE = YES;
				IPHONEOS_DEPLOYMENT_TARGET = 17.5;
				MARKETING_VERSION = 1.0;
				PRODUCT_BUNDLE_IDENTIFIER = hiep.TakeHomeTests;
				PRODUCT_NAME = "$(TARGET_NAME)";
				SWIFT_EMIT_LOC_STRINGS = NO;
				SWIFT_VERSION = 5.0;
				TARGETED_DEVICE_FAMILY = "1,2";
				TEST_HOST = "$(BUILT_PRODUCTS_DIR)/TakeHome.app/$(BUNDLE_EXECUTABLE_FOLDER_PATH)/TakeHome";
			};
			name = Debug;
		};
		FA3BA1C82D1481EF00F47B21 /* Release */ = {
			isa = XCBuildConfiguration;
			buildSettings = {
				ALWAYS_EMBED_SWIFT_STANDARD_LIBRARIES = YES;
				BUNDLE_LOADER = "$(TEST_HOST)";
				CODE_SIGN_STYLE = Automatic;
				CURRENT_PROJECT_VERSION = 1;
				GENERATE_INFOPLIST_FILE = YES;
				IPHONEOS_DEPLOYMENT_TARGET = 17.5;
				MARKETING_VERSION = 1.0;
				PRODUCT_BUNDLE_IDENTIFIER = hiep.TakeHomeTests;
				PRODUCT_NAME = "$(TARGET_NAME)";
				SWIFT_EMIT_LOC_STRINGS = NO;
				SWIFT_VERSION = 5.0;
				TARGETED_DEVICE_FAMILY = "1,2";
				TEST_HOST = "$(BUILT_PRODUCTS_DIR)/TakeHome.app/$(BUNDLE_EXECUTABLE_FOLDER_PATH)/TakeHome";
			};
			name = Release;
		};
		FA3BA1CA2D1481EF00F47B21 /* Debug */ = {
			isa = XCBuildConfiguration;
			buildSettings = {
				ALWAYS_EMBED_SWIFT_STANDARD_LIBRARIES = YES;
				CODE_SIGN_STYLE = Automatic;
				CURRENT_PROJECT_VERSION = 1;
				GENERATE_INFOPLIST_FILE = YES;
				MARKETING_VERSION = 1.0;
				PRODUCT_BUNDLE_IDENTIFIER = hiep.TakeHomeUITests;
				PRODUCT_NAME = "$(TARGET_NAME)";
				SWIFT_EMIT_LOC_STRINGS = NO;
				SWIFT_VERSION = 5.0;
				TARGETED_DEVICE_FAMILY = "1,2";
				TEST_TARGET_NAME = TakeHome;
			};
			name = Debug;
		};
		FA3BA1CB2D1481EF00F47B21 /* Release */ = {
			isa = XCBuildConfiguration;
			buildSettings = {
				ALWAYS_EMBED_SWIFT_STANDARD_LIBRARIES = YES;
				CODE_SIGN_STYLE = Automatic;
				CURRENT_PROJECT_VERSION = 1;
				GENERATE_INFOPLIST_FILE = YES;
				MARKETING_VERSION = 1.0;
				PRODUCT_BUNDLE_IDENTIFIER = hiep.TakeHomeUITests;
				PRODUCT_NAME = "$(TARGET_NAME)";
				SWIFT_EMIT_LOC_STRINGS = NO;
				SWIFT_VERSION = 5.0;
				TARGETED_DEVICE_FAMILY = "1,2";
				TEST_TARGET_NAME = TakeHome;
			};
			name = Release;
		};
/* End XCBuildConfiguration section */

/* Begin XCConfigurationList section */
		FA3BA1942D1481ED00F47B21 /* Build configuration list for PBXProject "TakeHome" */ = {
			isa = XCConfigurationList;
			buildConfigurations = (
				FA3BA1C12D1481EF00F47B21 /* Debug */,
				FA3BA1C22D1481EF00F47B21 /* Release */,
			);
			defaultConfigurationIsVisible = 0;
			defaultConfigurationName = Release;
		};
		FA3BA1C32D1481EF00F47B21 /* Build configuration list for PBXNativeTarget "TakeHome" */ = {
			isa = XCConfigurationList;
			buildConfigurations = (
				FA3BA1C42D1481EF00F47B21 /* Debug */,
				FA3BA1C52D1481EF00F47B21 /* Release */,
			);
			defaultConfigurationIsVisible = 0;
			defaultConfigurationName = Release;
		};
		FA3BA1C62D1481EF00F47B21 /* Build configuration list for PBXNativeTarget "TakeHomeTests" */ = {
			isa = XCConfigurationList;
			buildConfigurations = (
				FA3BA1C72D1481EF00F47B21 /* Debug */,
				FA3BA1C82D1481EF00F47B21 /* Release */,
			);
			defaultConfigurationIsVisible = 0;
			defaultConfigurationName = Release;
		};
		FA3BA1C92D1481EF00F47B21 /* Build configuration list for PBXNativeTarget "TakeHomeUITests" */ = {
			isa = XCConfigurationList;
			buildConfigurations = (
				FA3BA1CA2D1481EF00F47B21 /* Debug */,
				FA3BA1CB2D1481EF00F47B21 /* Release */,
			);
			defaultConfigurationIsVisible = 0;
			defaultConfigurationName = Release;
		};
/* End XCConfigurationList section */

/* Begin XCRemoteSwiftPackageReference section */
		FA3BA1E42D16718700F47B21 /* XCRemoteSwiftPackageReference "SwiftyJSON" */ = {
			isa = XCRemoteSwiftPackageReference;
			repositoryURL = "https://github.com/SwiftyJSON/SwiftyJSON.git";
			requirement = {
				kind = upToNextMajorVersion;
				minimumVersion = 5.0.2;
			};
		};
		FA3BA1E92D169DA100F47B21 /* XCRemoteSwiftPackageReference "SVProgressHUD" */ = {
			isa = XCRemoteSwiftPackageReference;
			repositoryURL = "https://github.com/SVProgressHUD/SVProgressHUD.git";
			requirement = {
				kind = upToNextMajorVersion;
				minimumVersion = 2.3.1;
			};
		};
		FA3BA1F32D16A3A400F47B21 /* XCRemoteSwiftPackageReference "Kingfisher" */ = {
			isa = XCRemoteSwiftPackageReference;
			repositoryURL = "https://github.com/onevcat/Kingfisher.git";
			requirement = {
				kind = upToNextMajorVersion;
				minimumVersion = 8.1.3;
			};
		};
/* End XCRemoteSwiftPackageReference section */

/* Begin XCSwiftPackageProductDependency section */
		FA3BA1E52D16718700F47B21 /* SwiftyJSON */ = {
			isa = XCSwiftPackageProductDependency;
			package = FA3BA1E42D16718700F47B21 /* XCRemoteSwiftPackageReference "SwiftyJSON" */;
			productName = SwiftyJSON;
		};
		FA3BA1EA2D169DA100F47B21 /* SVProgressHUD */ = {
			isa = XCSwiftPackageProductDependency;
			package = FA3BA1E92D169DA100F47B21 /* XCRemoteSwiftPackageReference "SVProgressHUD" */;
			productName = SVProgressHUD;
		};
		FA3BA1F42D16A3A400F47B21 /* Kingfisher */ = {
			isa = XCSwiftPackageProductDependency;
			package = FA3BA1F32D16A3A400F47B21 /* XCRemoteSwiftPackageReference "Kingfisher" */;
			productName = Kingfisher;
		};
/* End XCSwiftPackageProductDependency section */

/* Begin XCVersionGroup section */
		FA3BA2152D18457E00F47B21 /* UserEntity.xcdatamodeld */ = {
			isa = XCVersionGroup;
			children = (
				FA3BA2162D18457E00F47B21 /* UserEntity.xcdatamodel */,
			);
			currentVersion = FA3BA2162D18457E00F47B21 /* UserEntity.xcdatamodel */;
			name = UserEntity.xcdatamodeld;
			path = /Users/macbook/Downloads/BuildingListsAndNavigation/hihi/Core/DataBase/UserEntity.xcdatamodeld;
			sourceTree = "<group>";
			versionGroupType = wrapper.xcdatamodel;
		};
/* End XCVersionGroup section */
	};
	rootObject = FA3BA1912D1481ED00F47B21 /* Project object */;
}
